
Microsoft Visual Studio Solution File, Format Version 12.00
# Visual Studio Version 17
VisualStudioVersion = 17.11.35219.272
MinimumVisualStudioVersion = 10.0.40219.1
Project("{FAE04EC0-301F-11D3-BF4B-00C04F79EFBC}") = "CruiserTerminal_OLD", "CruiserTerminal\CruiserTerminal_OLD.csproj", "{822EBBB5-269A-4ADF-BBD9-8291F420B2EA}"
EndProject
Global
	GlobalSection(SolutionConfigurationPlatforms) = preSolution
		Debug|Any CPU = Debug|Any CPU
		Release|Any CPU = Release|Any CPU
	EndGlobalSection
	GlobalSection(ProjectConfigurationPlatforms) = postSolution
		{822EBBB5-269A-4ADF-BBD9-8291F420B2EA}.Debug|Any CPU.ActiveCfg = Debug|Any CPU
		{822EBBB5-269A-4ADF-BBD9-8291F420B2EA}.Debug|Any CPU.Build.0 = Debug|Any CPU
		{822EBBB5-269A-4ADF-BBD9-8291F420B2EA}.Release|Any CPU.ActiveCfg = Release|Any CPU
		{822EBBB5-269A-4ADF-BBD9-8291F420B2EA}.Release|Any CPU.Build.0 = Release|Any CPU
	EndGlobalSection
	GlobalSection(SolutionProperties) = preSolution
		HideSolutionNode = FALSE
	EndGlobalSection
	GlobalSection(ExtensibilityGlobals) = postSolution
		SolutionGuid = {A5B36013-4347-4CC9-B25A-39C8329A5369}
	EndGlobalSection
EndGlobal
